
Microsoft Visual Studio Solution File, Format Version 12.00
# Visual Studio Version 17
VisualStudioVersion = 17.2.32616.157
MinimumVisualStudioVersion = 10.0.40219.1
Project("{9A19103F-16F7-4668-BE54-9A1E7A4F7556}") = "OnlineStore.Server", "Server\OnlineStore.Server.csproj", "{2F48CAEF-868A-4706-B541-B269B4815F2B}"
EndProject
Project("{9A19103F-16F7-4668-BE54-9A1E7A4F7556}") = "OnlineStore.Client", "Client\OnlineStore.Client.csproj", "{A0CF8580-1D63-49B9-8947-081A5E245FDD}"
EndProject
Project("{9A19103F-16F7-4668-BE54-9A1E7A4F7556}") = "OnlineStore.Shared", "Shared\OnlineStore.Shared.csproj", "{93E1724D-D2BE-4D20-A088-02380CB24B09}"
EndProject
Global
	GlobalSection(SolutionConfigurationPlatforms) = preSolution
		Debug|Any CPU = Debug|Any CPU
		Release|Any CPU = Release|Any CPU
	EndGlobalSection
	GlobalSection(ProjectConfigurationPlatforms) = postSolution
		{2F48CAEF-868A-4706-B541-B269B4815F2B}.Debug|Any CPU.ActiveCfg = Debug|Any CPU
		{2F48CAEF-868A-4706-B541-B269B4815F2B}.Debug|Any CPU.Build.0 = Debug|Any CPU
		{2F48CAEF-868A-4706-B541-B269B4815F2B}.Release|Any CPU.ActiveCfg = Release|Any CPU
		{2F48CAEF-868A-4706-B541-B269B4815F2B}.Release|Any CPU.Build.0 = Release|Any CPU
		{A0CF8580-1D63-49B9-8947-081A5E245FDD}.Debug|Any CPU.ActiveCfg = Debug|Any CPU
		{A0CF8580-1D63-49B9-8947-081A5E245FDD}.Debug|Any CPU.Build.0 = Debug|Any CPU
		{A0CF8580-1D63-49B9-8947-081A5E245FDD}.Release|Any CPU.ActiveCfg = Release|Any CPU
		{A0CF8580-1D63-49B9-8947-081A5E245FDD}.Release|Any CPU.Build.0 = Release|Any CPU
		{93E1724D-D2BE-4D20-A088-02380CB24B09}.Debug|Any CPU.ActiveCfg = Debug|Any CPU
		{93E1724D-D2BE-4D20-A088-02380CB24B09}.Debug|Any CPU.Build.0 = Debug|Any CPU
		{93E1724D-D2BE-4D20-A088-02380CB24B09}.Release|Any CPU.ActiveCfg = Release|Any CPU
		{93E1724D-D2BE-4D20-A088-02380CB24B09}.Release|Any CPU.Build.0 = Release|Any CPU
	EndGlobalSection
	GlobalSection(SolutionProperties) = preSolution
		HideSolutionNode = FALSE
	EndGlobalSection
	GlobalSection(ExtensibilityGlobals) = postSolution
		SolutionGuid = {A5BAB369-72F1-4396-8735-0D610BBFD140}
	EndGlobalSection
EndGlobal
