
Microsoft Visual Studio Solution File, Format Version 12.00
# Visual Studio Version 17
VisualStudioVersion = 17.2.32616.157
MinimumVisualStudioVersion = 10.0.40219.1
Project("{FAE04EC0-301F-11D3-BF4B-00C04F79EFBC}") = "SneakersBase.Server", "Server\SneakersBase.Server.csproj", "{2F48CAEF-868A-4706-B541-B269B4815F2B}"
EndProject
Project("{FAE04EC0-301F-11D3-BF4B-00C04F79EFBC}") = "SneakersBase.Client", "Client\SneakersBase.Client.csproj", "{A0CF8580-1D63-49B9-8947-081A5E245FDD}"
EndProject
Project("{FAE04EC0-301F-11D3-BF4B-00C04F79EFBC}") = "SneakersBase.Shared", "Shared\SneakersBase.Shared.csproj", "{93E1724D-D2BE-4D20-A088-02380CB24B09}"
EndProject
Global
	GlobalSection(SolutionConfigurationPlatforms) = preSolution
		Debug|Any CPU = Debug|Any CPU
		Release|Any CPU = Release|Any CPU
	EndGlobalSection
	GlobalSection(ProjectConfigurationPlatforms) = postSolution
		{2F48CAEF-868A-4706-B541-B269B4815F2B}.Debug|Any CPU.ActiveCfg = Debug|Any CPU
		{2F48CAEF-868A-4706-B541-B269B4815F2B}.Debug|Any CPU.Build.0 = Debug|Any CPU
		{2F48CAEF-868A-4706-B541-B269B4815F2B}.Release|Any CPU.ActiveCfg = Release|Any CPU
		{2F48CAEF-868A-4706-B541-B269B4815F2B}.Release|Any CPU.Build.0 = Release|Any CPU
		{A0CF8580-1D63-49B9-8947-081A5E245FDD}.Debug|Any CPU.ActiveCfg = Debug|Any CPU
		{A0CF8580-1D63-49B9-8947-081A5E245FDD}.Debug|Any CPU.Build.0 = Debug|Any CPU
		{A0CF8580-1D63-49B9-8947-081A5E245FDD}.Release|Any CPU.ActiveCfg = Release|Any CPU
		{A0CF8580-1D63-49B9-8947-081A5E245FDD}.Release|Any CPU.Build.0 = Release|Any CPU
		{93E1724D-D2BE-4D20-A088-02380CB24B09}.Debug|Any CPU.ActiveCfg = Debug|Any CPU
		{93E1724D-D2BE-4D20-A088-02380CB24B09}.Debug|Any CPU.Build.0 = Debug|Any CPU
		{93E1724D-D2BE-4D20-A088-02380CB24B09}.Release|Any CPU.ActiveCfg = Release|Any CPU
		{93E1724D-D2BE-4D20-A088-02380CB24B09}.Release|Any CPU.Build.0 = Release|Any CPU
	EndGlobalSection
	GlobalSection(SolutionProperties) = preSolution
		HideSolutionNode = FALSE
	EndGlobalSection
	GlobalSection(ExtensibilityGlobals) = postSolution
		SolutionGuid = {A5BAB369-72F1-4396-8735-0D610BBFD140}
	EndGlobalSection
EndGlobal
